<?xml version="1.0" encoding="UTF-8" standalone="yes" ?>
<CodeBlocks_project_file>
   <FileVersion major="1" minor="6" />
   <Project>
      <Option title="SABAT" />
      <Option makefile_is_custom="1" />
      <Option compiler="gcc" />
      <Option virtualFolders="CMake Files\;CMake Files\..\;CMake Files\..\..\;CMake Files\..\..\Geant4-install\;CMake Files\..\..\Geant4-install\lib\;CMake Files\..\..\Geant4-install\lib\Geant4-10.3.3\;CMake Files\..\..\Geant4-install\lib\Geant4-10.3.3\Modules\;" />
      <Build>
      <Target title="all">
         <Option working_dir="/home/analysis/Geant4/Projects/SABAT/SABAT-build" />
         <Option type="4" />
         <MakeCommands>
            <Build command="/usr/bin/make -f &quot;/home/analysis/Geant4/Projects/SABAT/SABAT-build/Makefile&quot;  VERBOSE=1 all" />
            <CompileFile command="/usr/bin/make -f &quot;/home/analysis/Geant4/Projects/SABAT/SABAT-build/Makefile&quot;  VERBOSE=1 &quot;$file&quot;" />
            <Clean command="/usr/bin/make -f &quot;/home/analysis/Geant4/Projects/SABAT/SABAT-build/Makefile&quot;  VERBOSE=1 clean" />
            <DistClean command="/usr/bin/make -f &quot;/home/analysis/Geant4/Projects/SABAT/SABAT-build/Makefile&quot;  VERBOSE=1 clean" />
         </MakeCommands>
      </Target>
      <Target title="install">
         <Option working_dir="/home/analysis/Geant4/Projects/SABAT/SABAT-build" />
         <Option type="4" />
         <MakeCommands>
            <Build command="/usr/bin/make -f &quot;/home/analysis/Geant4/Projects/SABAT/SABAT-build/Makefile&quot;  VERBOSE=1 install" />
            <CompileFile command="/usr/bin/make -f &quot;/home/analysis/Geant4/Projects/SABAT/SABAT-build/Makefile&quot;  VERBOSE=1 &quot;$file&quot;" />
            <Clean command="/usr/bin/make -f &quot;/home/analysis/Geant4/Projects/SABAT/SABAT-build/Makefile&quot;  VERBOSE=1 clean" />
            <DistClean command="/usr/bin/make -f &quot;/home/analysis/Geant4/Projects/SABAT/SABAT-build/Makefile&quot;  VERBOSE=1 clean" />
         </MakeCommands>
      </Target>
      <Target title="list_install_components">
         <Option working_dir="/home/analysis/Geant4/Projects/SABAT/SABAT-build" />
         <Option type="4" />
         <MakeCommands>
            <Build command="/usr/bin/make -f &quot;/home/analysis/Geant4/Projects/SABAT/SABAT-build/Makefile&quot;  VERBOSE=1 list_install_components" />
            <CompileFile command="/usr/bin/make -f &quot;/home/analysis/Geant4/Projects/SABAT/SABAT-build/Makefile&quot;  VERBOSE=1 &quot;$file&quot;" />
            <Clean command="/usr/bin/make -f &quot;/home/analysis/Geant4/Projects/SABAT/SABAT-build/Makefile&quot;  VERBOSE=1 clean" />
            <DistClean command="/usr/bin/make -f &quot;/home/analysis/Geant4/Projects/SABAT/SABAT-build/Makefile&quot;  VERBOSE=1 clean" />
         </MakeCommands>
      </Target>
      <Target title="rebuild_cache">
         <Option working_dir="/home/analysis/Geant4/Projects/SABAT/SABAT-build" />
         <Option type="4" />
         <MakeCommands>
            <Build command="/usr/bin/make -f &quot;/home/analysis/Geant4/Projects/SABAT/SABAT-build/Makefile&quot;  VERBOSE=1 rebuild_cache" />
            <CompileFile command="/usr/bin/make -f &quot;/home/analysis/Geant4/Projects/SABAT/SABAT-build/Makefile&quot;  VERBOSE=1 &quot;$file&quot;" />
            <Clean command="/usr/bin/make -f &quot;/home/analysis/Geant4/Projects/SABAT/SABAT-build/Makefile&quot;  VERBOSE=1 clean" />
            <DistClean command="/usr/bin/make -f &quot;/home/analysis/Geant4/Projects/SABAT/SABAT-build/Makefile&quot;  VERBOSE=1 clean" />
         </MakeCommands>
      </Target>
      <Target title="SABAT">
         <Option output="/home/analysis/Geant4/Projects/SABAT/SABAT-build/SABAT" prefix_auto="0" extension_auto="0" />
         <Option working_dir="/home/analysis/Geant4/Projects/SABAT/SABAT-build" />
         <Option object_output="./" />
         <Option type="1" />
         <Option compiler="gcc" />
         <Compiler>
            <Add option="-DG4_STORE_TRAJECTORY" />
            <Add option="-DG4VERBOSE" />
            <Add option="-DG4UI_USE" />
            <Add option="-DG4VIS_USE" />
            <Add option="-DG4MULTITHREADED" />
            <Add option="-DG4UI_USE_TCSH" />
            <Add option="-DG4INTY_USE_QT" />
            <Add option="-DG4UI_USE_QT" />
            <Add option="-DG4VIS_USE_OPENGLQT" />
            <Add option="-DG4INTY_USE_XT" />
            <Add option="-DG4VIS_USE_OPENGLX" />
            <Add option="-DG4VIS_USE_OPENGL" />
            <Add directory="/home/analysis/Geant4/Geant4-install/include/Geant4" />
            <Add directory="/home/analysis/Geant4/Projects/SABAT/include" />
            <Add directory="/usr/include" />
            <Add directory="/usr/include/c++/5" />
            <Add directory="/usr/include/c++/5/backward" />
            <Add directory="/usr/include/qt4" />
            <Add directory="/usr/include/qt4/QtCore" />
            <Add directory="/usr/include/qt4/QtGui" />
            <Add directory="/usr/include/qt4/QtOpenGL" />
            <Add directory="/usr/include/x86_64-linux-gnu" />
            <Add directory="/usr/include/x86_64-linux-gnu/c++/5" />
            <Add directory="/usr/lib/gcc/x86_64-linux-gnu/5/include" />
            <Add directory="/usr/lib/gcc/x86_64-linux-gnu/5/include-fixed" />
            <Add directory="/usr/local/include" />
         </Compiler>
         <MakeCommands>
            <Build command="/usr/bin/make -f &quot;/home/analysis/Geant4/Projects/SABAT/SABAT-build/Makefile&quot;  VERBOSE=1 SABAT" />
            <CompileFile command="/usr/bin/make -f &quot;/home/analysis/Geant4/Projects/SABAT/SABAT-build/Makefile&quot;  VERBOSE=1 &quot;$file&quot;" />
            <Clean command="/usr/bin/make -f &quot;/home/analysis/Geant4/Projects/SABAT/SABAT-build/Makefile&quot;  VERBOSE=1 clean" />
            <DistClean command="/usr/bin/make -f &quot;/home/analysis/Geant4/Projects/SABAT/SABAT-build/Makefile&quot;  VERBOSE=1 clean" />
         </MakeCommands>
      </Target>
      <Target title="SABAT/fast">
         <Option output="/home/analysis/Geant4/Projects/SABAT/SABAT-build/SABAT" prefix_auto="0" extension_auto="0" />
         <Option working_dir="/home/analysis/Geant4/Projects/SABAT/SABAT-build" />
         <Option object_output="./" />
         <Option type="1" />
         <Option compiler="gcc" />
         <Compiler>
            <Add option="-DG4_STORE_TRAJECTORY" />
            <Add option="-DG4VERBOSE" />
            <Add option="-DG4UI_USE" />
            <Add option="-DG4VIS_USE" />
            <Add option="-DG4MULTITHREADED" />
            <Add option="-DG4UI_USE_TCSH" />
            <Add option="-DG4INTY_USE_QT" />
            <Add option="-DG4UI_USE_QT" />
            <Add option="-DG4VIS_USE_OPENGLQT" />
            <Add option="-DG4INTY_USE_XT" />
            <Add option="-DG4VIS_USE_OPENGLX" />
            <Add option="-DG4VIS_USE_OPENGL" />
            <Add directory="/home/analysis/Geant4/Geant4-install/include/Geant4" />
            <Add directory="/home/analysis/Geant4/Projects/SABAT/include" />
            <Add directory="/usr/include" />
            <Add directory="/usr/include/c++/5" />
            <Add directory="/usr/include/c++/5/backward" />
            <Add directory="/usr/include/qt4" />
            <Add directory="/usr/include/qt4/QtCore" />
            <Add directory="/usr/include/qt4/QtGui" />
            <Add directory="/usr/include/qt4/QtOpenGL" />
            <Add directory="/usr/include/x86_64-linux-gnu" />
            <Add directory="/usr/include/x86_64-linux-gnu/c++/5" />
            <Add directory="/usr/lib/gcc/x86_64-linux-gnu/5/include" />
            <Add directory="/usr/lib/gcc/x86_64-linux-gnu/5/include-fixed" />
            <Add directory="/usr/local/include" />
         </Compiler>
         <MakeCommands>
            <Build command="/usr/bin/make -f &quot;/home/analysis/Geant4/Projects/SABAT/SABAT-build/Makefile&quot;  VERBOSE=1 SABAT/fast" />
            <CompileFile command="/usr/bin/make -f &quot;/home/analysis/Geant4/Projects/SABAT/SABAT-build/Makefile&quot;  VERBOSE=1 &quot;$file&quot;" />
            <Clean command="/usr/bin/make -f &quot;/home/analysis/Geant4/Projects/SABAT/SABAT-build/Makefile&quot;  VERBOSE=1 clean" />
            <DistClean command="/usr/bin/make -f &quot;/home/analysis/Geant4/Projects/SABAT/SABAT-build/Makefile&quot;  VERBOSE=1 clean" />
         </MakeCommands>
      </Target>
      <Target title="install/strip">
         <Option working_dir="/home/analysis/Geant4/Projects/SABAT/SABAT-build" />
         <Option type="4" />
         <MakeCommands>
            <Build command="/usr/bin/make -f &quot;/home/analysis/Geant4/Projects/SABAT/SABAT-build/Makefile&quot;  VERBOSE=1 install/strip" />
            <CompileFile command="/usr/bin/make -f &quot;/home/analysis/Geant4/Projects/SABAT/SABAT-build/Makefile&quot;  VERBOSE=1 &quot;$file&quot;" />
            <Clean command="/usr/bin/make -f &quot;/home/analysis/Geant4/Projects/SABAT/SABAT-build/Makefile&quot;  VERBOSE=1 clean" />
            <DistClean command="/usr/bin/make -f &quot;/home/analysis/Geant4/Projects/SABAT/SABAT-build/Makefile&quot;  VERBOSE=1 clean" />
         </MakeCommands>
      </Target>
      <Target title="install/local">
         <Option working_dir="/home/analysis/Geant4/Projects/SABAT/SABAT-build" />
         <Option type="4" />
         <MakeCommands>
            <Build command="/usr/bin/make -f &quot;/home/analysis/Geant4/Projects/SABAT/SABAT-build/Makefile&quot;  VERBOSE=1 install/local" />
            <CompileFile command="/usr/bin/make -f &quot;/home/analysis/Geant4/Projects/SABAT/SABAT-build/Makefile&quot;  VERBOSE=1 &quot;$file&quot;" />
            <Clean command="/usr/bin/make -f &quot;/home/analysis/Geant4/Projects/SABAT/SABAT-build/Makefile&quot;  VERBOSE=1 clean" />
            <DistClean command="/usr/bin/make -f &quot;/home/analysis/Geant4/Projects/SABAT/SABAT-build/Makefile&quot;  VERBOSE=1 clean" />
         </MakeCommands>
      </Target>
      <Target title="edit_cache">
         <Option working_dir="/home/analysis/Geant4/Projects/SABAT/SABAT-build" />
         <Option type="4" />
         <MakeCommands>
            <Build command="/usr/bin/make -f &quot;/home/analysis/Geant4/Projects/SABAT/SABAT-build/Makefile&quot;  VERBOSE=1 edit_cache" />
            <CompileFile command="/usr/bin/make -f &quot;/home/analysis/Geant4/Projects/SABAT/SABAT-build/Makefile&quot;  VERBOSE=1 &quot;$file&quot;" />
            <Clean command="/usr/bin/make -f &quot;/home/analysis/Geant4/Projects/SABAT/SABAT-build/Makefile&quot;  VERBOSE=1 clean" />
            <DistClean command="/usr/bin/make -f &quot;/home/analysis/Geant4/Projects/SABAT/SABAT-build/Makefile&quot;  VERBOSE=1 clean" />
         </MakeCommands>
      </Target>
      </Build>
      <Unit filename="/home/analysis/Geant4/Projects/SABAT/SABAT.cc">
         <Option target="SABAT"/>
      </Unit>
      <Unit filename="/home/analysis/Geant4/Projects/SABAT/SABAT.in">
         <Option target="SABAT"/>
      </Unit>
      <Unit filename="/home/analysis/Geant4/Projects/SABAT/include/ActionInitialization.hh">
         <Option target="SABAT"/>
      </Unit>
      <Unit filename="/home/analysis/Geant4/Projects/SABAT/include/DetectorConstruction.hh">
         <Option target="SABAT"/>
      </Unit>
      <Unit filename="/home/analysis/Geant4/Projects/SABAT/include/DetectorMessenger.hh">
         <Option target="SABAT"/>
      </Unit>
      <Unit filename="/home/analysis/Geant4/Projects/SABAT/include/ElectromagneticPhysics.hh">
         <Option target="SABAT"/>
      </Unit>
      <Unit filename="/home/analysis/Geant4/Projects/SABAT/include/EventAction.hh">
         <Option target="SABAT"/>
      </Unit>
      <Unit filename="/home/analysis/Geant4/Projects/SABAT/include/GammaNuclearPhysics.hh">
         <Option target="SABAT"/>
      </Unit>
      <Unit filename="/home/analysis/Geant4/Projects/SABAT/include/HadronElasticPhysicsHP.hh">
         <Option target="SABAT"/>
      </Unit>
      <Unit filename="/home/analysis/Geant4/Projects/SABAT/include/HistoManager.hh">
         <Option target="SABAT"/>
      </Unit>
      <Unit filename="/home/analysis/Geant4/Projects/SABAT/include/NeutronHPMessenger.hh">
         <Option target="SABAT"/>
      </Unit>
      <Unit filename="/home/analysis/Geant4/Projects/SABAT/include/PhysicsList.hh">
         <Option target="SABAT"/>
      </Unit>
      <Unit filename="/home/analysis/Geant4/Projects/SABAT/include/PrimaryGeneratorAction.hh">
         <Option target="SABAT"/>
      </Unit>
      <Unit filename="/home/analysis/Geant4/Projects/SABAT/include/PrimaryGeneratorMessenger.hh">
         <Option target="SABAT"/>
      </Unit>
      <Unit filename="/home/analysis/Geant4/Projects/SABAT/include/Run.hh">
         <Option target="SABAT"/>
      </Unit>
      <Unit filename="/home/analysis/Geant4/Projects/SABAT/include/RunAction.hh">
         <Option target="SABAT"/>
      </Unit>
      <Unit filename="/home/analysis/Geant4/Projects/SABAT/include/StepMaxBuilder.hh">
         <Option target="SABAT"/>
      </Unit>
      <Unit filename="/home/analysis/Geant4/Projects/SABAT/include/StepMaxMessenger.hh">
         <Option target="SABAT"/>
      </Unit>
      <Unit filename="/home/analysis/Geant4/Projects/SABAT/include/StepMaxProcess.hh">
         <Option target="SABAT"/>
      </Unit>
      <Unit filename="/home/analysis/Geant4/Projects/SABAT/include/SteppingAction.hh">
         <Option target="SABAT"/>
      </Unit>
      <Unit filename="/home/analysis/Geant4/Projects/SABAT/include/SteppingVerbose.hh">
         <Option target="SABAT"/>
      </Unit>
      <Unit filename="/home/analysis/Geant4/Projects/SABAT/include/TrackingAction.hh">
         <Option target="SABAT"/>
      </Unit>
      <Unit filename="/home/analysis/Geant4/Projects/SABAT/src/ActionInitialization.cc">
         <Option target="SABAT"/>
      </Unit>
      <Unit filename="/home/analysis/Geant4/Projects/SABAT/src/DetectorConstruction.cc">
         <Option target="SABAT"/>
      </Unit>
      <Unit filename="/home/analysis/Geant4/Projects/SABAT/src/DetectorMessenger.cc">
         <Option target="SABAT"/>
      </Unit>
      <Unit filename="/home/analysis/Geant4/Projects/SABAT/src/ElectromagneticPhysics.cc">
         <Option target="SABAT"/>
      </Unit>
      <Unit filename="/home/analysis/Geant4/Projects/SABAT/src/EventAction.cc">
         <Option target="SABAT"/>
      </Unit>
      <Unit filename="/home/analysis/Geant4/Projects/SABAT/src/GammaNuclearPhysics.cc">
         <Option target="SABAT"/>
      </Unit>
      <Unit filename="/home/analysis/Geant4/Projects/SABAT/src/HadronElasticPhysicsHP.cc">
         <Option target="SABAT"/>
      </Unit>
      <Unit filename="/home/analysis/Geant4/Projects/SABAT/src/HistoManager.cc">
         <Option target="SABAT"/>
      </Unit>
      <Unit filename="/home/analysis/Geant4/Projects/SABAT/src/NeutronHPMessenger.cc">
         <Option target="SABAT"/>
      </Unit>
      <Unit filename="/home/analysis/Geant4/Projects/SABAT/src/PhysicsList.cc">
         <Option target="SABAT"/>
      </Unit>
      <Unit filename="/home/analysis/Geant4/Projects/SABAT/src/PrimaryGeneratorAction.cc">
         <Option target="SABAT"/>
      </Unit>
      <Unit filename="/home/analysis/Geant4/Projects/SABAT/src/PrimaryGeneratorMessenger.cc">
         <Option target="SABAT"/>
      </Unit>
      <Unit filename="/home/analysis/Geant4/Projects/SABAT/src/Run.cc">
         <Option target="SABAT"/>
      </Unit>
      <Unit filename="/home/analysis/Geant4/Projects/SABAT/src/RunAction.cc">
         <Option target="SABAT"/>
      </Unit>
      <Unit filename="/home/analysis/Geant4/Projects/SABAT/src/StepMaxBuilder.cc">
         <Option target="SABAT"/>
      </Unit>
      <Unit filename="/home/analysis/Geant4/Projects/SABAT/src/StepMaxMessenger.cc">
         <Option target="SABAT"/>
      </Unit>
      <Unit filename="/home/analysis/Geant4/Projects/SABAT/src/StepMaxProcess.cc">
         <Option target="SABAT"/>
      </Unit>
      <Unit filename="/home/analysis/Geant4/Projects/SABAT/src/SteppingAction.cc">
         <Option target="SABAT"/>
      </Unit>
      <Unit filename="/home/analysis/Geant4/Projects/SABAT/src/SteppingVerbose.cc">
         <Option target="SABAT"/>
      </Unit>
      <Unit filename="/home/analysis/Geant4/Projects/SABAT/src/TrackingAction.cc">
         <Option target="SABAT"/>
      </Unit>
      <Unit filename="/home/analysis/Geant4/Projects/SABAT/CMakeLists.txt">
          <Option virtualFolder="CMake Files\" />
      </Unit>
      <Unit filename="/home/analysis/Geant4/Projects/SABAT/SABAT.in">
          <Option virtualFolder="CMake Files\" />
      </Unit>
      <Unit filename="/home/analysis/Geant4/Projects/SABAT/neutron.mac">
          <Option virtualFolder="CMake Files\" />
      </Unit>
      <Unit filename="/home/analysis/Geant4/Projects/SABAT/vis.mac">
          <Option virtualFolder="CMake Files\" />
      </Unit>
      <Unit filename="/home/analysis/Geant4/Projects/SABAT/plotHisto.C">
          <Option virtualFolder="CMake Files\" />
      </Unit>
      <Unit filename="/home/analysis/Geant4/Projects/SABAT/plot2.C">
          <Option virtualFolder="CMake Files\" />
      </Unit>
      <Unit filename="/home/analysis/Geant4/Projects/SABAT/../../Geant4-install/lib/Geant4-10.3.3/Geant4ConfigVersion.cmake">
          <Option virtualFolder="CMake Files\..\..\Geant4-install\lib\Geant4-10.3.3\" />
      </Unit>
      <Unit filename="/home/analysis/Geant4/Projects/SABAT/../../Geant4-install/lib/Geant4-10.3.3/Geant4Config.cmake">
          <Option virtualFolder="CMake Files\..\..\Geant4-install\lib\Geant4-10.3.3\" />
      </Unit>
      <Unit filename="/home/analysis/Geant4/Projects/SABAT/../../Geant4-install/lib/Geant4-10.3.3/Geant4LibraryDepends.cmake">
          <Option virtualFolder="CMake Files\..\..\Geant4-install\lib\Geant4-10.3.3\" />
      </Unit>
      <Unit filename="/home/analysis/Geant4/Projects/SABAT/../../Geant4-install/lib/Geant4-10.3.3/Geant4LibraryDepends-release.cmake">
          <Option virtualFolder="CMake Files\..\..\Geant4-install\lib\Geant4-10.3.3\" />
      </Unit>
      <Unit filename="/home/analysis/Geant4/Projects/SABAT/../../Geant4-install/lib/Geant4-10.3.3/UseGeant4.cmake">
          <Option virtualFolder="CMake Files\..\..\Geant4-install\lib\Geant4-10.3.3\" />
      </Unit>
      <Unit filename="/home/analysis/Geant4/Projects/SABAT/../../Geant4-install/lib/Geant4-10.3.3/Modules/IntelCompileFeatures.cmake">
          <Option virtualFolder="CMake Files\..\..\Geant4-install\lib\Geant4-10.3.3\Modules\" />
      </Unit>
   </Project>
</CodeBlocks_project_file>
